
Microsoft Visual Studio Solution File, Format Version 12.00
# Visual Studio Version 16
VisualStudioVersion = 16.0.31829.152
MinimumVisualStudioVersion = 10.0.40219.1
Project("{FAE04EC0-301F-11D3-BF4B-00C04F79EFBC}") = "EmployeeWages", "EmployeeWages\EmployeeWages.csproj", "{AFB4BB20-ED29-4F65-AF30-765AEB4EDAA0}"
EndProject
Global
	GlobalSection(SolutionConfigurationPlatforms) = preSolution
		Debug|Any CPU = Debug|Any CPU
		Release|Any CPU = Release|Any CPU
	EndGlobalSection
	GlobalSection(ProjectConfigurationPlatforms) = postSolution
		{AFB4BB20-ED29-4F65-AF30-765AEB4EDAA0}.Debug|Any CPU.ActiveCfg = Debug|Any CPU
		{AFB4BB20-ED29-4F65-AF30-765AEB4EDAA0}.Debug|Any CPU.Build.0 = Debug|Any CPU
		{AFB4BB20-ED29-4F65-AF30-765AEB4EDAA0}.Release|Any CPU.ActiveCfg = Release|Any CPU
		{AFB4BB20-ED29-4F65-AF30-765AEB4EDAA0}.Release|Any CPU.Build.0 = Release|Any CPU
	EndGlobalSection
	GlobalSection(SolutionProperties) = preSolution
		HideSolutionNode = FALSE
	EndGlobalSection
	GlobalSection(ExtensibilityGlobals) = postSolution
		SolutionGuid = {7436EA44-CB96-4C23-A578-FF831B87F316}
	EndGlobalSection
EndGlobal
